
Microsoft Visual Studio Solution File, Format Version 12.00
# Visual Studio Version 17
VisualStudioVersion = 17.0.31903.59
MinimumVisualStudioVersion = 10.0.40219.1
Project("{FAE04EC0-301F-11D3-BF4B-00C04F79EFBC}") = "Task_14", "Task_14\Task_14.csproj", "{91FB33F9-907C-416F-B076-64C6553E2765}"
EndProject
Global
	GlobalSection(SolutionConfigurationPlatforms) = preSolution
		Debug|Any CPU = Debug|Any CPU
		Release|Any CPU = Release|Any CPU
	EndGlobalSection
	GlobalSection(ProjectConfigurationPlatforms) = postSolution
		{91FB33F9-907C-416F-B076-64C6553E2765}.Debug|Any CPU.ActiveCfg = Debug|Any CPU
		{91FB33F9-907C-416F-B076-64C6553E2765}.Debug|Any CPU.Build.0 = Debug|Any CPU
		{91FB33F9-907C-416F-B076-64C6553E2765}.Release|Any CPU.ActiveCfg = Release|Any CPU
		{91FB33F9-907C-416F-B076-64C6553E2765}.Release|Any CPU.Build.0 = Release|Any CPU
	EndGlobalSection
	GlobalSection(SolutionProperties) = preSolution
		HideSolutionNode = FALSE
	EndGlobalSection
	GlobalSection(ExtensibilityGlobals) = postSolution
		SolutionGuid = {841CAF7B-EE59-4920-8A42-88FA1F8FA202}
	EndGlobalSection
EndGlobal
